// !$*UTF8*$!
{
	archiveVersion = 1;
	classes = {
	};
	objectVersion = 50;
	objects = {

/* Begin PBXBuildFile section */
		6904995F24377F2B002C7B95 /* window_controller.mm in Sources */ = {isa = PBXBuildFile; fileRef = 6904995D24377F2B002C7B95 /* window_controller.mm */; };
		69208E2B2457142600DBB860 /* NVGridView.mm in Sources */ = {isa = PBXBuildFile; fileRef = 69208E2A2457142600DBB860 /* NVGridView.mm */; };
		69240E1B242B9854004E0DE0 /* AppDelegate.m in Sources */ = {isa = PBXBuildFile; fileRef = 69240E1A242B9854004E0DE0 /* AppDelegate.m */; };
		69240E1D242B9855004E0DE0 /* Assets.xcassets in Resources */ = {isa = PBXBuildFile; fileRef = 69240E1C242B9855004E0DE0 /* Assets.xcassets */; };
		69240E20242B9855004E0DE0 /* MainMenu.xib in Resources */ = {isa = PBXBuildFile; fileRef = 69240E1E242B9855004E0DE0 /* MainMenu.xib */; };
		69240E23242B9855004E0DE0 /* main.m in Sources */ = {isa = PBXBuildFile; fileRef = 69240E22242B9855004E0DE0 /* main.m */; };
		69240E3C242BA3DA004E0DE0 /* BumpAllocator.mm in Sources */ = {isa = PBXBuildFile; fileRef = 69240E3A242BA3B1004E0DE0 /* BumpAllocator.mm */; };
		69240E40242BA40E004E0DE0 /* DeathTest.m in Sources */ = {isa = PBXBuildFile; fileRef = 69240E3E242BA401004E0DE0 /* DeathTest.m */; };
		693550E9242CBFE500FB0A94 /* circular_buffer.cpp in Sources */ = {isa = PBXBuildFile; fileRef = 693550E7242CBFE500FB0A94 /* circular_buffer.cpp */; };
		693550EB242CBFFD00FB0A94 /* CircularBuffer.mm in Sources */ = {isa = PBXBuildFile; fileRef = 693550EA242CBFFD00FB0A94 /* CircularBuffer.mm */; };
		69431234243E098B0015C0EA /* ui.cpp in Sources */ = {isa = PBXBuildFile; fileRef = 69431232243E098B0015C0EA /* ui.cpp */; };
		6945A1552434E593005D68ED /* neovim.cpp in Sources */ = {isa = PBXBuildFile; fileRef = 6945A1532434E593005D68ED /* neovim.cpp */; };
		6955FE6624363AD400008191 /* NVWindowController.mm in Sources */ = {isa = PBXBuildFile; fileRef = 6955FE6524363AD400008191 /* NVWindowController.mm */; };
		695C0ABD242E274800266D89 /* msgpack.cpp in Sources */ = {isa = PBXBuildFile; fileRef = 695C0ABC242E274800266D89 /* msgpack.cpp */; };
		695C0AC0242E27CC00266D89 /* Msgpack.mm in Sources */ = {isa = PBXBuildFile; fileRef = 695C0ABE242E277700266D89 /* Msgpack.mm */; };
		695F29C324475B7E0020B613 /* font.mm in Sources */ = {isa = PBXBuildFile; fileRef = 695F29C124475B7E0020B613 /* font.mm */; };
		696465D324AB971B0084E178 /* nvim in CopyFiles */ = {isa = PBXBuildFile; fileRef = 69CB6DF424AB96B00075229B /* nvim */; };
		69B04DD424B76C8B000DF9C4 /* neovim_mac.vim in CopyFiles */ = {isa = PBXBuildFile; fileRef = 69B04DD224B76C10000DF9C4 /* neovim_mac.vim */; };
		69CB6DEA24AB963B0075229B /* lib in Resources */ = {isa = PBXBuildFile; fileRef = 69CB6DE924AB963B0075229B /* lib */; };
		69CB6DEC24AB96450075229B /* share in Resources */ = {isa = PBXBuildFile; fileRef = 69CB6DEB24AB96450075229B /* share */; };
		69CB6DED24AB96560075229B /* lib in CopyFiles */ = {isa = PBXBuildFile; fileRef = 69CB6DE924AB963B0075229B /* lib */; };
		69CB6DEE24AB965A0075229B /* share in CopyFiles */ = {isa = PBXBuildFile; fileRef = 69CB6DEB24AB96450075229B /* share */; };
		69E15157244E023900F8AEC7 /* Shaders.metal in Sources */ = {isa = PBXBuildFile; fileRef = 69E15156244E023900F8AEC7 /* Shaders.metal */; };
		69FB837D24A0F370008CCED1 /* NVRenderContext.mm in Sources */ = {isa = PBXBuildFile; fileRef = 69FB837C24A0F370008CCED1 /* NVRenderContext.mm */; };
/* End PBXBuildFile section */

/* Begin PBXContainerItemProxy section */
		69240E2A242B9855004E0DE0 /* PBXContainerItemProxy */ = {
			isa = PBXContainerItemProxy;
			containerPortal = 69240E0E242B9854004E0DE0 /* Project object */;
			proxyType = 1;
			remoteGlobalIDString = 69240E15242B9854004E0DE0;
			remoteInfo = Neovim;
		};
/* End PBXContainerItemProxy section */

/* Begin PBXCopyFilesBuildPhase section */
		69B04DD324B76C43000DF9C4 /* CopyFiles */ = {
			isa = PBXCopyFilesBuildPhase;
			buildActionMask = 2147483647;
			dstPath = Contents/share/nvim/runtime/autoload;
			dstSubfolderSpec = 1;
			files = (
				69B04DD424B76C8B000DF9C4 /* neovim_mac.vim in CopyFiles */,
			);
			runOnlyForDeploymentPostprocessing = 0;
		};
		69CB6DE224AB91670075229B /* CopyFiles */ = {
			isa = PBXCopyFilesBuildPhase;
			buildActionMask = 2147483647;
			dstPath = Contents;
			dstSubfolderSpec = 1;
			files = (
				69CB6DED24AB96560075229B /* lib in CopyFiles */,
				69CB6DEE24AB965A0075229B /* share in CopyFiles */,
			);
			runOnlyForDeploymentPostprocessing = 0;
		};
		69CB6DEF24AB96600075229B /* CopyFiles */ = {
			isa = PBXCopyFilesBuildPhase;
			buildActionMask = 2147483647;
			dstPath = "";
			dstSubfolderSpec = 6;
			files = (
				696465D324AB971B0084E178 /* nvim in CopyFiles */,
			);
			runOnlyForDeploymentPostprocessing = 0;
		};
/* End PBXCopyFilesBuildPhase section */

/* Begin PBXFileReference section */
		6904995D24377F2B002C7B95 /* window_controller.mm */ = {isa = PBXFileReference; lastKnownFileType = sourcecode.cpp.objcpp; path = window_controller.mm; sourceTree = "<group>"; };
		6904995E24377F2B002C7B95 /* window_controller.hpp */ = {isa = PBXFileReference; lastKnownFileType = sourcecode.cpp.h; path = window_controller.hpp; sourceTree = "<group>"; };
		690A0C5B2498E0D00047E131 /* unfair_lock.hpp */ = {isa = PBXFileReference; lastKnownFileType = sourcecode.cpp.h; path = unfair_lock.hpp; sourceTree = "<group>"; };
		69208E292457142600DBB860 /* NVGridView.h */ = {isa = PBXFileReference; lastKnownFileType = sourcecode.c.h; path = NVGridView.h; sourceTree = "<group>"; };
		69208E2A2457142600DBB860 /* NVGridView.mm */ = {isa = PBXFileReference; lastKnownFileType = sourcecode.cpp.objcpp; path = NVGridView.mm; sourceTree = "<group>"; };
		69240E16242B9854004E0DE0 /* Neovim.app */ = {isa = PBXFileReference; explicitFileType = wrapper.application; includeInIndex = 0; path = Neovim.app; sourceTree = BUILT_PRODUCTS_DIR; };
		69240E19242B9854004E0DE0 /* AppDelegate.h */ = {isa = PBXFileReference; lastKnownFileType = sourcecode.c.h; path = AppDelegate.h; sourceTree = "<group>"; };
		69240E1A242B9854004E0DE0 /* AppDelegate.m */ = {isa = PBXFileReference; lastKnownFileType = sourcecode.c.objc; path = AppDelegate.m; sourceTree = "<group>"; };
		69240E1C242B9855004E0DE0 /* Assets.xcassets */ = {isa = PBXFileReference; lastKnownFileType = folder.assetcatalog; path = Assets.xcassets; sourceTree = "<group>"; };
		69240E1F242B9855004E0DE0 /* Base */ = {isa = PBXFileReference; lastKnownFileType = file.xib; name = Base; path = Base.lproj/MainMenu.xib; sourceTree = "<group>"; };
		69240E21242B9855004E0DE0 /* Info.plist */ = {isa = PBXFileReference; lastKnownFileType = text.plist.xml; path = Info.plist; sourceTree = "<group>"; };
		69240E22242B9855004E0DE0 /* main.m */ = {isa = PBXFileReference; lastKnownFileType = sourcecode.c.objc; path = main.m; sourceTree = "<group>"; };
		69240E29242B9855004E0DE0 /* NeovimTests.xctest */ = {isa = PBXFileReference; explicitFileType = wrapper.cfbundle; includeInIndex = 0; path = NeovimTests.xctest; sourceTree = BUILT_PRODUCTS_DIR; };
		69240E2F242B9855004E0DE0 /* Info.plist */ = {isa = PBXFileReference; lastKnownFileType = text.plist.xml; path = Info.plist; sourceTree = "<group>"; };
		69240E39242BA280004E0DE0 /* bump_allocator.hpp */ = {isa = PBXFileReference; fileEncoding = 4; lastKnownFileType = sourcecode.cpp.h; path = bump_allocator.hpp; sourceTree = "<group>"; };
		69240E3A242BA3B1004E0DE0 /* BumpAllocator.mm */ = {isa = PBXFileReference; fileEncoding = 4; lastKnownFileType = sourcecode.cpp.objcpp; path = BumpAllocator.mm; sourceTree = "<group>"; };
		69240E3D242BA401004E0DE0 /* DeathTest.h */ = {isa = PBXFileReference; fileEncoding = 4; lastKnownFileType = sourcecode.c.h; path = DeathTest.h; sourceTree = "<group>"; };
		69240E3E242BA401004E0DE0 /* DeathTest.m */ = {isa = PBXFileReference; fileEncoding = 4; lastKnownFileType = sourcecode.c.objc; path = DeathTest.m; sourceTree = "<group>"; };
		693550E7242CBFE500FB0A94 /* circular_buffer.cpp */ = {isa = PBXFileReference; fileEncoding = 4; lastKnownFileType = sourcecode.cpp.cpp; path = circular_buffer.cpp; sourceTree = "<group>"; };
		693550E8242CBFE500FB0A94 /* circular_buffer.hpp */ = {isa = PBXFileReference; fileEncoding = 4; lastKnownFileType = sourcecode.cpp.h; path = circular_buffer.hpp; sourceTree = "<group>"; };
		693550EA242CBFFD00FB0A94 /* CircularBuffer.mm */ = {isa = PBXFileReference; fileEncoding = 4; lastKnownFileType = sourcecode.cpp.objcpp; path = CircularBuffer.mm; sourceTree = "<group>"; };
		69431232243E098B0015C0EA /* ui.cpp */ = {isa = PBXFileReference; lastKnownFileType = sourcecode.cpp.cpp; path = ui.cpp; sourceTree = "<group>"; };
		69431233243E098B0015C0EA /* ui.hpp */ = {isa = PBXFileReference; lastKnownFileType = sourcecode.cpp.h; path = ui.hpp; sourceTree = "<group>"; };
		6945A1532434E593005D68ED /* neovim.cpp */ = {isa = PBXFileReference; lastKnownFileType = sourcecode.cpp.cpp; path = neovim.cpp; sourceTree = "<group>"; };
		6945A1542434E593005D68ED /* neovim.hpp */ = {isa = PBXFileReference; lastKnownFileType = sourcecode.cpp.h; path = neovim.hpp; sourceTree = "<group>"; };
		6945BBDE2457282C009ADB03 /* ShaderTypes.h */ = {isa = PBXFileReference; lastKnownFileType = sourcecode.c.h; path = ShaderTypes.h; sourceTree = "<group>"; };
		6955FE6424363AD400008191 /* NVWindowController.h */ = {isa = PBXFileReference; lastKnownFileType = sourcecode.c.h; path = NVWindowController.h; sourceTree = "<group>"; };
		6955FE6524363AD400008191 /* NVWindowController.mm */ = {isa = PBXFileReference; lastKnownFileType = sourcecode.cpp.objcpp; path = NVWindowController.mm; sourceTree = "<group>"; };
		695C0ABB242E274800266D89 /* msgpack.hpp */ = {isa = PBXFileReference; fileEncoding = 4; lastKnownFileType = sourcecode.cpp.h; path = msgpack.hpp; sourceTree = "<group>"; };
		695C0ABC242E274800266D89 /* msgpack.cpp */ = {isa = PBXFileReference; fileEncoding = 4; lastKnownFileType = sourcecode.cpp.cpp; path = msgpack.cpp; sourceTree = "<group>"; };
		695C0ABE242E277700266D89 /* Msgpack.mm */ = {isa = PBXFileReference; fileEncoding = 4; lastKnownFileType = sourcecode.cpp.objcpp; path = Msgpack.mm; sourceTree = "<group>"; };
		695F29C124475B7E0020B613 /* font.mm */ = {isa = PBXFileReference; lastKnownFileType = sourcecode.cpp.objcpp; path = font.mm; sourceTree = "<group>"; };
		695F29C224475B7E0020B613 /* font.hpp */ = {isa = PBXFileReference; lastKnownFileType = sourcecode.cpp.h; path = font.hpp; sourceTree = "<group>"; };
		69B04DD224B76C10000DF9C4 /* neovim_mac.vim */ = {isa = PBXFileReference; lastKnownFileType = text; path = neovim_mac.vim; sourceTree = "<group>"; };
		69CB6DE924AB963B0075229B /* lib */ = {isa = PBXFileReference; lastKnownFileType = folder; path = lib; sourceTree = "<group>"; };
		69CB6DEB24AB96450075229B /* share */ = {isa = PBXFileReference; lastKnownFileType = folder; path = share; sourceTree = "<group>"; };
		69CB6DF424AB96B00075229B /* nvim */ = {isa = PBXFileReference; lastKnownFileType = "compiled.mach-o.executable"; path = nvim; sourceTree = "<group>"; };
		69D42C4B244611AA0006FEF3 /* log.h */ = {isa = PBXFileReference; lastKnownFileType = sourcecode.c.h; path = log.h; sourceTree = "<group>"; };
		69E15154244DFE3400F8AEC7 /* MetalKit.framework */ = {isa = PBXFileReference; lastKnownFileType = wrapper.framework; name = MetalKit.framework; path = System/Library/Frameworks/MetalKit.framework; sourceTree = SDKROOT; };
		69E15156244E023900F8AEC7 /* Shaders.metal */ = {isa = PBXFileReference; lastKnownFileType = sourcecode.metal; path = Shaders.metal; sourceTree = "<group>"; };
		69FB837B24A0F370008CCED1 /* NVRenderContext.h */ = {isa = PBXFileReference; lastKnownFileType = sourcecode.c.h; path = NVRenderContext.h; sourceTree = "<group>"; };
		69FB837C24A0F370008CCED1 /* NVRenderContext.mm */ = {isa = PBXFileReference; lastKnownFileType = sourcecode.cpp.objcpp; path = NVRenderContext.mm; sourceTree = "<group>"; };
/* End PBXFileReference section */

/* Begin PBXFrameworksBuildPhase section */
		69240E13242B9854004E0DE0 /* Frameworks */ = {
			isa = PBXFrameworksBuildPhase;
			buildActionMask = 2147483647;
			files = (
			);
			runOnlyForDeploymentPostprocessing = 0;
		};
		69240E26242B9855004E0DE0 /* Frameworks */ = {
			isa = PBXFrameworksBuildPhase;
			buildActionMask = 2147483647;
			files = (
			);
			runOnlyForDeploymentPostprocessing = 0;
		};
/* End PBXFrameworksBuildPhase section */

/* Begin PBXGroup section */
		69240E0D242B9854004E0DE0 = {
			isa = PBXGroup;
			children = (
				69240E18242B9854004E0DE0 /* src */,
				69240E2C242B9855004E0DE0 /* test */,
				69CB6DE724AB94310075229B /* nvim */,
				69240E38242B9FF1004E0DE0 /* Resources */,
				69240E17242B9854004E0DE0 /* Products */,
				69E15153244DFE3400F8AEC7 /* Frameworks */,
			);
			sourceTree = "<group>";
		};
		69240E17242B9854004E0DE0 /* Products */ = {
			isa = PBXGroup;
			children = (
				69240E16242B9854004E0DE0 /* Neovim.app */,
				69240E29242B9855004E0DE0 /* NeovimTests.xctest */,
			);
			name = Products;
			sourceTree = "<group>";
		};
		69240E18242B9854004E0DE0 /* src */ = {
			isa = PBXGroup;
			children = (
				69240E22242B9855004E0DE0 /* main.m */,
				69240E19242B9854004E0DE0 /* AppDelegate.h */,
				69240E1A242B9854004E0DE0 /* AppDelegate.m */,
				69240E39242BA280004E0DE0 /* bump_allocator.hpp */,
				693550E8242CBFE500FB0A94 /* circular_buffer.hpp */,
				693550E7242CBFE500FB0A94 /* circular_buffer.cpp */,
				695C0ABB242E274800266D89 /* msgpack.hpp */,
				695C0ABC242E274800266D89 /* msgpack.cpp */,
				695F29C224475B7E0020B613 /* font.hpp */,
				695F29C124475B7E0020B613 /* font.mm */,
				690A0C5B2498E0D00047E131 /* unfair_lock.hpp */,
				69431233243E098B0015C0EA /* ui.hpp */,
				69431232243E098B0015C0EA /* ui.cpp */,
				69D42C4B244611AA0006FEF3 /* log.h */,
				6945A1542434E593005D68ED /* neovim.hpp */,
				6945A1532434E593005D68ED /* neovim.cpp */,
				6904995E24377F2B002C7B95 /* window_controller.hpp */,
				6904995D24377F2B002C7B95 /* window_controller.mm */,
				69FB837B24A0F370008CCED1 /* NVRenderContext.h */,
				69FB837C24A0F370008CCED1 /* NVRenderContext.mm */,
				6955FE6424363AD400008191 /* NVWindowController.h */,
				6955FE6524363AD400008191 /* NVWindowController.mm */,
				69208E292457142600DBB860 /* NVGridView.h */,
				69208E2A2457142600DBB860 /* NVGridView.mm */,
				6945BBDE2457282C009ADB03 /* ShaderTypes.h */,
				69E15156244E023900F8AEC7 /* Shaders.metal */,
				69B04DD224B76C10000DF9C4 /* neovim_mac.vim */,
			);
			path = src;
			sourceTree = SOURCE_ROOT;
		};
		69240E2C242B9855004E0DE0 /* test */ = {
			isa = PBXGroup;
			children = (
				69240E3A242BA3B1004E0DE0 /* BumpAllocator.mm */,
				693550EA242CBFFD00FB0A94 /* CircularBuffer.mm */,
				695C0ABE242E277700266D89 /* Msgpack.mm */,
				69240E3D242BA401004E0DE0 /* DeathTest.h */,
				69240E3E242BA401004E0DE0 /* DeathTest.m */,
				69240E2F242B9855004E0DE0 /* Info.plist */,
			);
			path = test;
			sourceTree = SOURCE_ROOT;
		};
		69240E38242B9FF1004E0DE0 /* Resources */ = {
			isa = PBXGroup;
			children = (
				69240E1C242B9855004E0DE0 /* Assets.xcassets */,
				69240E1E242B9855004E0DE0 /* MainMenu.xib */,
				69240E21242B9855004E0DE0 /* Info.plist */,
			);
			path = Resources;
			sourceTree = SOURCE_ROOT;
		};
		696465D224AB96DE0084E178 /* bin */ = {
			isa = PBXGroup;
			children = (
				69CB6DF424AB96B00075229B /* nvim */,
			);
			path = bin;
			sourceTree = "<group>";
		};
		69CB6DE724AB94310075229B /* nvim */ = {
			isa = PBXGroup;
			children = (
				696465D224AB96DE0084E178 /* bin */,
				69CB6DE924AB963B0075229B /* lib */,
				69CB6DEB24AB96450075229B /* share */,
			);
			name = nvim;
			path = build/nvim;
			sourceTree = "<group>";
		};
		69E15153244DFE3400F8AEC7 /* Frameworks */ = {
			isa = PBXGroup;
			children = (
				69E15154244DFE3400F8AEC7 /* MetalKit.framework */,
			);
			name = Frameworks;
			sourceTree = "<group>";
		};
/* End PBXGroup section */

/* Begin PBXNativeTarget section */
		69240E15242B9854004E0DE0 /* Neovim */ = {
			isa = PBXNativeTarget;
			buildConfigurationList = 69240E32242B9855004E0DE0 /* Build configuration list for PBXNativeTarget "Neovim" */;
			buildPhases = (
				69240E12242B9854004E0DE0 /* Sources */,
				69240E13242B9854004E0DE0 /* Frameworks */,
				69240E14242B9854004E0DE0 /* Resources */,
				69CB6DE224AB91670075229B /* CopyFiles */,
				69CB6DEF24AB96600075229B /* CopyFiles */,
				69B04DD324B76C43000DF9C4 /* CopyFiles */,
			);
			buildRules = (
			);
			dependencies = (
			);
			name = Neovim;
			productName = Neovim;
			productReference = 69240E16242B9854004E0DE0 /* Neovim.app */;
			productType = "com.apple.product-type.application";
		};
		69240E28242B9855004E0DE0 /* NeovimTests */ = {
			isa = PBXNativeTarget;
			buildConfigurationList = 69240E35242B9855004E0DE0 /* Build configuration list for PBXNativeTarget "NeovimTests" */;
			buildPhases = (
				69240E25242B9855004E0DE0 /* Sources */,
				69240E26242B9855004E0DE0 /* Frameworks */,
				69240E27242B9855004E0DE0 /* Resources */,
			);
			buildRules = (
			);
			dependencies = (
				69240E2B242B9855004E0DE0 /* PBXTargetDependency */,
			);
			name = NeovimTests;
			productName = NeovimTests;
			productReference = 69240E29242B9855004E0DE0 /* NeovimTests.xctest */;
			productType = "com.apple.product-type.bundle.unit-test";
		};
/* End PBXNativeTarget section */

/* Begin PBXProject section */
		69240E0E242B9854004E0DE0 /* Project object */ = {
			isa = PBXProject;
			attributes = {
				LastUpgradeCheck = 1130;
				ORGANIZATIONNAME = "Jay Sandhu";
				TargetAttributes = {
					69240E15242B9854004E0DE0 = {
						CreatedOnToolsVersion = 11.3.1;
					};
					69240E28242B9855004E0DE0 = {
						CreatedOnToolsVersion = 11.3.1;
						TestTargetID = 69240E15242B9854004E0DE0;
					};
				};
			};
			buildConfigurationList = 69240E11242B9854004E0DE0 /* Build configuration list for PBXProject "Neovim" */;
			compatibilityVersion = "Xcode 9.3";
			developmentRegion = en;
			hasScannedForEncodings = 0;
			knownRegions = (
				en,
				Base,
			);
			mainGroup = 69240E0D242B9854004E0DE0;
			productRefGroup = 69240E17242B9854004E0DE0 /* Products */;
			projectDirPath = "";
			projectRoot = "";
			targets = (
				69240E15242B9854004E0DE0 /* Neovim */,
				69240E28242B9855004E0DE0 /* NeovimTests */,
			);
		};
/* End PBXProject section */

/* Begin PBXResourcesBuildPhase section */
		69240E14242B9854004E0DE0 /* Resources */ = {
			isa = PBXResourcesBuildPhase;
			buildActionMask = 2147483647;
			files = (
				69CB6DEC24AB96450075229B /* share in Resources */,
				69CB6DEA24AB963B0075229B /* lib in Resources */,
				69240E1D242B9855004E0DE0 /* Assets.xcassets in Resources */,
				69240E20242B9855004E0DE0 /* MainMenu.xib in Resources */,
			);
			runOnlyForDeploymentPostprocessing = 0;
		};
		69240E27242B9855004E0DE0 /* Resources */ = {
			isa = PBXResourcesBuildPhase;
			buildActionMask = 2147483647;
			files = (
			);
			runOnlyForDeploymentPostprocessing = 0;
		};
/* End PBXResourcesBuildPhase section */

/* Begin PBXSourcesBuildPhase section */
		69240E12242B9854004E0DE0 /* Sources */ = {
			isa = PBXSourcesBuildPhase;
			buildActionMask = 2147483647;
			files = (
				69240E23242B9855004E0DE0 /* main.m in Sources */,
				69208E2B2457142600DBB860 /* NVGridView.mm in Sources */,
				693550E9242CBFE500FB0A94 /* circular_buffer.cpp in Sources */,
				695F29C324475B7E0020B613 /* font.mm in Sources */,
				6955FE6624363AD400008191 /* NVWindowController.mm in Sources */,
				69431234243E098B0015C0EA /* ui.cpp in Sources */,
				6945A1552434E593005D68ED /* neovim.cpp in Sources */,
				695C0ABD242E274800266D89 /* msgpack.cpp in Sources */,
				69E15157244E023900F8AEC7 /* Shaders.metal in Sources */,
				69240E1B242B9854004E0DE0 /* AppDelegate.m in Sources */,
				6904995F24377F2B002C7B95 /* window_controller.mm in Sources */,
				69FB837D24A0F370008CCED1 /* NVRenderContext.mm in Sources */,
			);
			runOnlyForDeploymentPostprocessing = 0;
		};
		69240E25242B9855004E0DE0 /* Sources */ = {
			isa = PBXSourcesBuildPhase;
			buildActionMask = 2147483647;
			files = (
				695C0AC0242E27CC00266D89 /* Msgpack.mm in Sources */,
				69240E40242BA40E004E0DE0 /* DeathTest.m in Sources */,
				693550EB242CBFFD00FB0A94 /* CircularBuffer.mm in Sources */,
				69240E3C242BA3DA004E0DE0 /* BumpAllocator.mm in Sources */,
			);
			runOnlyForDeploymentPostprocessing = 0;
		};
/* End PBXSourcesBuildPhase section */

/* Begin PBXTargetDependency section */
		69240E2B242B9855004E0DE0 /* PBXTargetDependency */ = {
			isa = PBXTargetDependency;
			target = 69240E15242B9854004E0DE0 /* Neovim */;
			targetProxy = 69240E2A242B9855004E0DE0 /* PBXContainerItemProxy */;
		};
/* End PBXTargetDependency section */

/* Begin PBXVariantGroup section */
		69240E1E242B9855004E0DE0 /* MainMenu.xib */ = {
			isa = PBXVariantGroup;
			children = (
				69240E1F242B9855004E0DE0 /* Base */,
			);
			name = MainMenu.xib;
			sourceTree = "<group>";
		};
/* End PBXVariantGroup section */

/* Begin XCBuildConfiguration section */
		69240E30242B9855004E0DE0 /* Debug */ = {
			isa = XCBuildConfiguration;
			buildSettings = {
				ALWAYS_SEARCH_USER_PATHS = NO;
				CLANG_ANALYZER_NONNULL = YES;
				CLANG_ANALYZER_NUMBER_OBJECT_CONVERSION = YES_AGGRESSIVE;
				CLANG_CXX_LANGUAGE_STANDARD = "c++17";
				CLANG_CXX_LIBRARY = "compiler-default";
				CLANG_ENABLE_MODULES = YES;
				CLANG_ENABLE_OBJC_ARC = YES;
				CLANG_ENABLE_OBJC_WEAK = YES;
				CLANG_WARN_BLOCK_CAPTURE_AUTORELEASING = YES;
				CLANG_WARN_BOOL_CONVERSION = YES;
				CLANG_WARN_COMMA = YES;
				CLANG_WARN_CONSTANT_CONVERSION = YES;
				CLANG_WARN_DEPRECATED_OBJC_IMPLEMENTATIONS = YES;
				CLANG_WARN_DIRECT_OBJC_ISA_USAGE = YES_ERROR;
				CLANG_WARN_DOCUMENTATION_COMMENTS = YES;
				CLANG_WARN_EMPTY_BODY = YES;
				CLANG_WARN_ENUM_CONVERSION = YES;
				CLANG_WARN_INFINITE_RECURSION = YES;
				CLANG_WARN_INT_CONVERSION = YES;
				CLANG_WARN_NON_LITERAL_NULL_CONVERSION = YES;
				CLANG_WARN_OBJC_IMPLICIT_RETAIN_SELF = YES;
				CLANG_WARN_OBJC_LITERAL_CONVERSION = YES;
				CLANG_WARN_OBJC_ROOT_CLASS = YES_ERROR;
				CLANG_WARN_RANGE_LOOP_ANALYSIS = YES;
				CLANG_WARN_STRICT_PROTOTYPES = YES;
				CLANG_WARN_SUSPICIOUS_MOVE = YES;
				CLANG_WARN_UNGUARDED_AVAILABILITY = YES_AGGRESSIVE;
				CLANG_WARN_UNREACHABLE_CODE = YES;
				CLANG_WARN__DUPLICATE_METHOD_MATCH = YES;
				COPY_PHASE_STRIP = NO;
				DEBUG_INFORMATION_FORMAT = dwarf;
				ENABLE_STRICT_OBJC_MSGSEND = YES;
				ENABLE_TESTABILITY = YES;
				GCC_C_LANGUAGE_STANDARD = gnu11;
				GCC_DYNAMIC_NO_PIC = NO;
				GCC_ENABLE_CPP_EXCEPTIONS = NO;
				GCC_ENABLE_CPP_RTTI = NO;
				GCC_NO_COMMON_BLOCKS = YES;
				GCC_OPTIMIZATION_LEVEL = 0;
				GCC_PREPROCESSOR_DEFINITIONS = (
					"DEBUG=1",
					"$(inherited)",
				);
				GCC_WARN_64_TO_32_BIT_CONVERSION = YES;
				GCC_WARN_ABOUT_RETURN_TYPE = YES_ERROR;
				GCC_WARN_UNDECLARED_SELECTOR = YES;
				GCC_WARN_UNINITIALIZED_AUTOS = YES_AGGRESSIVE;
				GCC_WARN_UNUSED_FUNCTION = YES;
				GCC_WARN_UNUSED_VARIABLE = YES;
				MACOSX_DEPLOYMENT_TARGET = 10.15;
				MTL_ENABLE_DEBUG_INFO = INCLUDE_SOURCE;
				MTL_FAST_MATH = YES;
				ONLY_ACTIVE_ARCH = YES;
				OTHER_CPLUSPLUSFLAGS = "-fcoroutines-ts";
				SDKROOT = macosx;
			};
			name = Debug;
		};
		69240E31242B9855004E0DE0 /* Release */ = {
			isa = XCBuildConfiguration;
			buildSettings = {
				ALWAYS_SEARCH_USER_PATHS = NO;
				CLANG_ANALYZER_NONNULL = YES;
				CLANG_ANALYZER_NUMBER_OBJECT_CONVERSION = YES_AGGRESSIVE;
				CLANG_CXX_LANGUAGE_STANDARD = "c++17";
				CLANG_CXX_LIBRARY = "compiler-default";
				CLANG_ENABLE_MODULES = YES;
				CLANG_ENABLE_OBJC_ARC = YES;
				CLANG_ENABLE_OBJC_WEAK = YES;
				CLANG_WARN_BLOCK_CAPTURE_AUTORELEASING = YES;
				CLANG_WARN_BOOL_CONVERSION = YES;
				CLANG_WARN_COMMA = YES;
				CLANG_WARN_CONSTANT_CONVERSION = YES;
				CLANG_WARN_DEPRECATED_OBJC_IMPLEMENTATIONS = YES;
				CLANG_WARN_DIRECT_OBJC_ISA_USAGE = YES_ERROR;
				CLANG_WARN_DOCUMENTATION_COMMENTS = YES;
				CLANG_WARN_EMPTY_BODY = YES;
				CLANG_WARN_ENUM_CONVERSION = YES;
				CLANG_WARN_INFINITE_RECURSION = YES;
				CLANG_WARN_INT_CONVERSION = YES;
				CLANG_WARN_NON_LITERAL_NULL_CONVERSION = YES;
				CLANG_WARN_OBJC_IMPLICIT_RETAIN_SELF = YES;
				CLANG_WARN_OBJC_LITERAL_CONVERSION = YES;
				CLANG_WARN_OBJC_ROOT_CLASS = YES_ERROR;
				CLANG_WARN_RANGE_LOOP_ANALYSIS = YES;
				CLANG_WARN_STRICT_PROTOTYPES = YES;
				CLANG_WARN_SUSPICIOUS_MOVE = YES;
				CLANG_WARN_UNGUARDED_AVAILABILITY = YES_AGGRESSIVE;
				CLANG_WARN_UNREACHABLE_CODE = YES;
				CLANG_WARN__DUPLICATE_METHOD_MATCH = YES;
				COPY_PHASE_STRIP = NO;
				DEBUG_INFORMATION_FORMAT = "dwarf-with-dsym";
				ENABLE_NS_ASSERTIONS = NO;
				ENABLE_STRICT_OBJC_MSGSEND = YES;
				GCC_C_LANGUAGE_STANDARD = gnu11;
				GCC_ENABLE_CPP_EXCEPTIONS = NO;
				GCC_ENABLE_CPP_RTTI = NO;
				GCC_NO_COMMON_BLOCKS = YES;
				GCC_PREPROCESSOR_DEFINITIONS = "NDEBUG=1";
				GCC_WARN_64_TO_32_BIT_CONVERSION = YES;
				GCC_WARN_ABOUT_RETURN_TYPE = YES_ERROR;
				GCC_WARN_UNDECLARED_SELECTOR = YES;
				GCC_WARN_UNINITIALIZED_AUTOS = YES_AGGRESSIVE;
				GCC_WARN_UNUSED_FUNCTION = YES;
				GCC_WARN_UNUSED_VARIABLE = YES;
				MACOSX_DEPLOYMENT_TARGET = 10.15;
				MTL_ENABLE_DEBUG_INFO = NO;
				MTL_FAST_MATH = YES;
				OTHER_CPLUSPLUSFLAGS = "-fcoroutines-ts";
				SDKROOT = macosx;
			};
			name = Release;
		};
		69240E33242B9855004E0DE0 /* Debug */ = {
			isa = XCBuildConfiguration;
			buildSettings = {
				ASSETCATALOG_COMPILER_APPICON_NAME = AppIcon;
				CODE_SIGN_ENTITLEMENTS = "";
				CODE_SIGN_IDENTITY = "";
				CODE_SIGN_STYLE = Automatic;
				COMBINE_HIDPI_IMAGES = YES;
				DEVELOPMENT_TEAM = "";
				INFOPLIST_FILE = Resources/Info.plist;
				LD_RUNPATH_SEARCH_PATHS = (
					"$(inherited)",
					"@executable_path/../Frameworks",
				);
				MACOSX_DEPLOYMENT_TARGET = 10.15;
				MARKETING_VERSION = 0.1;
				PRODUCT_BUNDLE_IDENTIFIER = "io.github.jaysandhu.neovim-mac";
				PRODUCT_NAME = "$(TARGET_NAME)";
				PROVISIONING_PROFILE_SPECIFIER = "";
			};
			name = Debug;
		};
		69240E34242B9855004E0DE0 /* Release */ = {
			isa = XCBuildConfiguration;
			buildSettings = {
				ASSETCATALOG_COMPILER_APPICON_NAME = AppIcon;
				CODE_SIGN_ENTITLEMENTS = "";
				CODE_SIGN_IDENTITY = "";
				CODE_SIGN_STYLE = Automatic;
				COMBINE_HIDPI_IMAGES = YES;
				DEVELOPMENT_TEAM = "";
				INFOPLIST_FILE = Resources/Info.plist;
				LD_RUNPATH_SEARCH_PATHS = (
					"$(inherited)",
					"@executable_path/../Frameworks",
				);
				MACOSX_DEPLOYMENT_TARGET = 10.15;
				MARKETING_VERSION = 0.1;
				PRODUCT_BUNDLE_IDENTIFIER = "io.github.jaysandhu.neovim-mac";
				PRODUCT_NAME = "$(TARGET_NAME)";
				PROVISIONING_PROFILE_SPECIFIER = "";
			};
			name = Release;
		};
		69240E36242B9855004E0DE0 /* Debug */ = {
			isa = XCBuildConfiguration;
			buildSettings = {
				BUNDLE_LOADER = "$(TEST_HOST)";
				CODE_SIGN_IDENTITY = "";
				CODE_SIGN_STYLE = Automatic;
				COMBINE_HIDPI_IMAGES = YES;
				INFOPLIST_FILE = test/Info.plist;
				LD_RUNPATH_SEARCH_PATHS = (
					"$(inherited)",
					"@executable_path/../Frameworks",
					"@loader_path/../Frameworks",
				);
				MACOSX_DEPLOYMENT_TARGET = 10.15;
				PRODUCT_BUNDLE_IDENTIFIER = io.github.jaysandhu.NeovimTests;
				PRODUCT_NAME = "$(TARGET_NAME)";
				TEST_HOST = "$(BUILT_PRODUCTS_DIR)/Neovim.app/Contents/MacOS/Neovim";
				USER_HEADER_SEARCH_PATHS = "$(SRCROOT)/src";
			};
			name = Debug;
		};
		69240E37242B9855004E0DE0 /* Release */ = {
			isa = XCBuildConfiguration;
			buildSettings = {
				BUNDLE_LOADER = "$(TEST_HOST)";
				CODE_SIGN_IDENTITY = "";
				CODE_SIGN_STYLE = Automatic;
				COMBINE_HIDPI_IMAGES = YES;
				INFOPLIST_FILE = test/Info.plist;
				LD_RUNPATH_SEARCH_PATHS = (
					"$(inherited)",
					"@executable_path/../Frameworks",
					"@loader_path/../Frameworks",
				);
				MACOSX_DEPLOYMENT_TARGET = 10.15;
				PRODUCT_BUNDLE_IDENTIFIER = io.github.jaysandhu.NeovimTests;
				PRODUCT_NAME = "$(TARGET_NAME)";
				TEST_HOST = "$(BUILT_PRODUCTS_DIR)/Neovim.app/Contents/MacOS/Neovim";
				USER_HEADER_SEARCH_PATHS = "$(SRCROOT)/src";
			};
			name = Release;
		};
/* End XCBuildConfiguration section */

/* Begin XCConfigurationList section */
		69240E11242B9854004E0DE0 /* Build configuration list for PBXProject "Neovim" */ = {
			isa = XCConfigurationList;
			buildConfigurations = (
				69240E30242B9855004E0DE0 /* Debug */,
				69240E31242B9855004E0DE0 /* Release */,
			);
			defaultConfigurationIsVisible = 0;
			defaultConfigurationName = Release;
		};
		69240E32242B9855004E0DE0 /* Build configuration list for PBXNativeTarget "Neovim" */ = {
			isa = XCConfigurationList;
			buildConfigurations = (
				69240E33242B9855004E0DE0 /* Debug */,
				69240E34242B9855004E0DE0 /* Release */,
			);
			defaultConfigurationIsVisible = 0;
			defaultConfigurationName = Release;
		};
		69240E35242B9855004E0DE0 /* Build configuration list for PBXNativeTarget "NeovimTests" */ = {
			isa = XCConfigurationList;
			buildConfigurations = (
				69240E36242B9855004E0DE0 /* Debug */,
				69240E37242B9855004E0DE0 /* Release */,
			);
			defaultConfigurationIsVisible = 0;
			defaultConfigurationName = Release;
		};
/* End XCConfigurationList section */
	};
	rootObject = 69240E0E242B9854004E0DE0 /* Project object */;
}
